Microsoft Visual Studio Solution File, Format Version 11.00
# Visual Studio 2010
Project("{F184B08F-C81C-45F6-A57F-5ABD9991F28F}") = "UseFunctionCriteriaOperators.Module", "UseFunctionCriteriaOperators.Module\UseFunctionCriteriaOperators.Module.vbproj", "{7131633A-6F96-4814-A2B0-182120DFE632}"
EndProject
Project("{F184B08F-C81C-45F6-A57F-5ABD9991F28F}") = "UseFunctionCriteriaOperators.Web", "UseFunctionCriteriaOperators.Web\UseFunctionCriteriaOperators.Web.vbproj", "{B863768C-1E24-47EB-B014-A0FA90775B19}"
EndProject
Project("{F184B08F-C81C-45F6-A57F-5ABD9991F28F}") = "UseFunctionCriteriaOperators.Win", "UseFunctionCriteriaOperators.Win\UseFunctionCriteriaOperators.Win.vbproj", "{9DD4CA98-F778-4022-A26B-E2E2C5E62A51}"
EndProject
Global
	GlobalSection(SolutionConfigurationPlatforms) = preSolution
		Debug|Any CPU = Debug|Any CPU
		EasyTest|Any CPU = EasyTest|Any CPU
		Release|Any CPU = Release|Any CPU
	EndGlobalSection
	GlobalSection(ProjectConfigurationPlatforms) = postSolution
		{7131633A-6F96-4814-A2B0-182120DFE632}.Debug|Any CPU.ActiveCfg = Debug|Any CPU
		{7131633A-6F96-4814-A2B0-182120DFE632}.Debug|Any CPU.Build.0 = Debug|Any CPU
		{7131633A-6F96-4814-A2B0-182120DFE632}.EasyTest|Any CPU.ActiveCfg = EasyTest|Any CPU
		{7131633A-6F96-4814-A2B0-182120DFE632}.EasyTest|Any CPU.Build.0 = EasyTest|Any CPU
		{7131633A-6F96-4814-A2B0-182120DFE632}.Release|Any CPU.ActiveCfg = Release|Any CPU
		{7131633A-6F96-4814-A2B0-182120DFE632}.Release|Any CPU.Build.0 = Release|Any CPU
		{B863768C-1E24-47EB-B014-A0FA90775B19}.Debug|Any CPU.ActiveCfg = Debug|Any CPU
		{B863768C-1E24-47EB-B014-A0FA90775B19}.Debug|Any CPU.Build.0 = Debug|Any CPU
		{B863768C-1E24-47EB-B014-A0FA90775B19}.EasyTest|Any CPU.ActiveCfg = EasyTest|Any CPU
		{B863768C-1E24-47EB-B014-A0FA90775B19}.EasyTest|Any CPU.Build.0 = EasyTest|Any CPU
		{B863768C-1E24-47EB-B014-A0FA90775B19}.Release|Any CPU.ActiveCfg = Release|Any CPU
		{B863768C-1E24-47EB-B014-A0FA90775B19}.Release|Any CPU.Build.0 = Release|Any CPU
		{9DD4CA98-F778-4022-A26B-E2E2C5E62A51}.Debug|Any CPU.ActiveCfg = Debug|Any CPU
		{9DD4CA98-F778-4022-A26B-E2E2C5E62A51}.Debug|Any CPU.Build.0 = Debug|Any CPU
		{9DD4CA98-F778-4022-A26B-E2E2C5E62A51}.EasyTest|Any CPU.ActiveCfg = EasyTest|Any CPU
		{9DD4CA98-F778-4022-A26B-E2E2C5E62A51}.EasyTest|Any CPU.Build.0 = EasyTest|Any CPU
		{9DD4CA98-F778-4022-A26B-E2E2C5E62A51}.Release|Any CPU.ActiveCfg = Release|Any CPU
		{9DD4CA98-F778-4022-A26B-E2E2C5E62A51}.Release|Any CPU.Build.0 = Release|Any CPU
	EndGlobalSection
	GlobalSection(SolutionProperties) = preSolution
		HideSolutionNode = FALSE
	EndGlobalSection
EndGlobal
